
Microsoft Visual Studio Solution File, Format Version 12.00
# Visual Studio 14
VisualStudioVersion = 14.0.25123.0
MinimumVisualStudioVersion = 10.0.40219.1
Project("{FAE04EC0-301F-11D3-BF4B-00C04F79EFBC}") = "PunkOS.HAL", "PunkOS.HAL\PunkOS.HAL.csproj", "{65BDBB5C-3967-4CBD-86C6-0B6A3B015A7F}"
EndProject
Project("{FAE04EC0-301F-11D3-BF4B-00C04F79EFBC}") = "PunkOS.System", "PunkOS.System\PunkOS.System.csproj", "{B847884A-8F96-4A3B-B3F1-646836D3D57E}"
EndProject
Project("{FAE04EC0-301F-11D3-BF4B-00C04F79EFBC}") = "PunkOS.Core", "PunkOS.Core\PunkOS.Core.csproj", "{B21E5460-CF3B-44FF-BCB4-2B7F5212F0D0}"
EndProject
Project("{FAE04EC0-301F-11D3-BF4B-00C04F79EFBC}") = "PunkOS", "PunkOS\PunkOS.csproj", "{CEB4E26C-AC73-4A53-8262-2FE8CBCAE423}"
	ProjectSection(ProjectDependencies) = postProject
		{65BDBB5C-3967-4CBD-86C6-0B6A3B015A7F} = {65BDBB5C-3967-4CBD-86C6-0B6A3B015A7F}
	EndProjectSection
EndProject
Project("{471EC4BB-E47E-4229-A789-D1F5F83B52D4}") = "PunkOSBoot", "PunkOS\PunkOSBoot.Cosmos", "{27FCD5E7-E6AA-43A1-932B-605A5AB6DBCF}"
EndProject
Project("{2150E333-8FDC-42A3-9474-1A3956D46DE8}") = "programing languages", "programing languages", "{4172B9F1-AC91-4A46-A348-8A8AA39CF2E8}"
EndProject
Project("{FAE04EC0-301F-11D3-BF4B-00C04F79EFBC}") = "Lua", "Lua\Lua.csproj", "{29CD39FE-27D9-4037-B75C-FC3D61B5020E}"
EndProject
Global
	GlobalSection(SolutionConfigurationPlatforms) = preSolution
		Debug|Any CPU = Debug|Any CPU
		Debug|x64 = Debug|x64
		Debug|x86 = Debug|x86
		DebugMono|Any CPU = DebugMono|Any CPU
		DebugMono|x64 = DebugMono|x64
		DebugMono|x86 = DebugMono|x86
		DebugWin|Any CPU = DebugWin|Any CPU
		DebugWin|x64 = DebugWin|x64
		DebugWin|x86 = DebugWin|x86
		Dev|Any CPU = Dev|Any CPU
		Dev|x64 = Dev|x64
		Dev|x86 = Dev|x86
		Devp4|Any CPU = Devp4|Any CPU
		Devp4|x64 = Devp4|x64
		Devp4|x86 = Devp4|x86
		Release|Any CPU = Release|Any CPU
		Release|x64 = Release|x64
		Release|x86 = Release|x86
		ReleaseMono|Any CPU = ReleaseMono|Any CPU
		ReleaseMono|x64 = ReleaseMono|x64
		ReleaseMono|x86 = ReleaseMono|x86
		ReleaseWin|Any CPU = ReleaseWin|Any CPU
		ReleaseWin|x64 = ReleaseWin|x64
		ReleaseWin|x86 = ReleaseWin|x86
	EndGlobalSection
	GlobalSection(ProjectConfigurationPlatforms) = postSolution
		{65BDBB5C-3967-4CBD-86C6-0B6A3B015A7F}.Debug|Any CPU.ActiveCfg = Debug|Any CPU
		{65BDBB5C-3967-4CBD-86C6-0B6A3B015A7F}.Debug|Any CPU.Build.0 = Debug|Any CPU
		{65BDBB5C-3967-4CBD-86C6-0B6A3B015A7F}.Debug|x64.ActiveCfg = Debug|Any CPU
		{65BDBB5C-3967-4CBD-86C6-0B6A3B015A7F}.Debug|x64.Build.0 = Debug|Any CPU
		{65BDBB5C-3967-4CBD-86C6-0B6A3B015A7F}.Debug|x86.ActiveCfg = Debug|Any CPU
		{65BDBB5C-3967-4CBD-86C6-0B6A3B015A7F}.Debug|x86.Build.0 = Debug|Any CPU
		{65BDBB5C-3967-4CBD-86C6-0B6A3B015A7F}.DebugMono|Any CPU.ActiveCfg = Debug|Any CPU
		{65BDBB5C-3967-4CBD-86C6-0B6A3B015A7F}.DebugMono|Any CPU.Build.0 = Debug|Any CPU
		{65BDBB5C-3967-4CBD-86C6-0B6A3B015A7F}.DebugMono|x64.ActiveCfg = Debug|Any CPU
		{65BDBB5C-3967-4CBD-86C6-0B6A3B015A7F}.DebugMono|x64.Build.0 = Debug|Any CPU
		{65BDBB5C-3967-4CBD-86C6-0B6A3B015A7F}.DebugMono|x86.ActiveCfg = Debug|Any CPU
		{65BDBB5C-3967-4CBD-86C6-0B6A3B015A7F}.DebugMono|x86.Build.0 = Debug|Any CPU
		{65BDBB5C-3967-4CBD-86C6-0B6A3B015A7F}.DebugWin|Any CPU.ActiveCfg = Debug|Any CPU
		{65BDBB5C-3967-4CBD-86C6-0B6A3B015A7F}.DebugWin|Any CPU.Build.0 = Debug|Any CPU
		{65BDBB5C-3967-4CBD-86C6-0B6A3B015A7F}.DebugWin|x64.ActiveCfg = Debug|Any CPU
		{65BDBB5C-3967-4CBD-86C6-0B6A3B015A7F}.DebugWin|x64.Build.0 = Debug|Any CPU
		{65BDBB5C-3967-4CBD-86C6-0B6A3B015A7F}.DebugWin|x86.ActiveCfg = Debug|Any CPU
		{65BDBB5C-3967-4CBD-86C6-0B6A3B015A7F}.DebugWin|x86.Build.0 = Debug|Any CPU
		{65BDBB5C-3967-4CBD-86C6-0B6A3B015A7F}.Dev|Any CPU.ActiveCfg = Debug|Any CPU
		{65BDBB5C-3967-4CBD-86C6-0B6A3B015A7F}.Dev|Any CPU.Build.0 = Debug|Any CPU
		{65BDBB5C-3967-4CBD-86C6-0B6A3B015A7F}.Dev|x64.ActiveCfg = Debug|Any CPU
		{65BDBB5C-3967-4CBD-86C6-0B6A3B015A7F}.Dev|x64.Build.0 = Debug|Any CPU
		{65BDBB5C-3967-4CBD-86C6-0B6A3B015A7F}.Dev|x86.ActiveCfg = Debug|Any CPU
		{65BDBB5C-3967-4CBD-86C6-0B6A3B015A7F}.Dev|x86.Build.0 = Debug|Any CPU
		{65BDBB5C-3967-4CBD-86C6-0B6A3B015A7F}.Devp4|Any CPU.ActiveCfg = Debug|Any CPU
		{65BDBB5C-3967-4CBD-86C6-0B6A3B015A7F}.Devp4|Any CPU.Build.0 = Debug|Any CPU
		{65BDBB5C-3967-4CBD-86C6-0B6A3B015A7F}.Devp4|x64.ActiveCfg = Debug|Any CPU
		{65BDBB5C-3967-4CBD-86C6-0B6A3B015A7F}.Devp4|x64.Build.0 = Debug|Any CPU
		{65BDBB5C-3967-4CBD-86C6-0B6A3B015A7F}.Devp4|x86.ActiveCfg = Debug|Any CPU
		{65BDBB5C-3967-4CBD-86C6-0B6A3B015A7F}.Devp4|x86.Build.0 = Debug|Any CPU
		{65BDBB5C-3967-4CBD-86C6-0B6A3B015A7F}.Release|Any CPU.ActiveCfg = Release|Any CPU
		{65BDBB5C-3967-4CBD-86C6-0B6A3B015A7F}.Release|Any CPU.Build.0 = Release|Any CPU
		{65BDBB5C-3967-4CBD-86C6-0B6A3B015A7F}.Release|x64.ActiveCfg = Release|Any CPU
		{65BDBB5C-3967-4CBD-86C6-0B6A3B015A7F}.Release|x64.Build.0 = Release|Any CPU
		{65BDBB5C-3967-4CBD-86C6-0B6A3B015A7F}.Release|x86.ActiveCfg = Release|Any CPU
		{65BDBB5C-3967-4CBD-86C6-0B6A3B015A7F}.Release|x86.Build.0 = Release|Any CPU
		{65BDBB5C-3967-4CBD-86C6-0B6A3B015A7F}.ReleaseMono|Any CPU.ActiveCfg = Release|Any CPU
		{65BDBB5C-3967-4CBD-86C6-0B6A3B015A7F}.ReleaseMono|Any CPU.Build.0 = Release|Any CPU
		{65BDBB5C-3967-4CBD-86C6-0B6A3B015A7F}.ReleaseMono|x64.ActiveCfg = Release|Any CPU
		{65BDBB5C-3967-4CBD-86C6-0B6A3B015A7F}.ReleaseMono|x64.Build.0 = Release|Any CPU
		{65BDBB5C-3967-4CBD-86C6-0B6A3B015A7F}.ReleaseMono|x86.ActiveCfg = Release|Any CPU
		{65BDBB5C-3967-4CBD-86C6-0B6A3B015A7F}.ReleaseMono|x86.Build.0 = Release|Any CPU
		{65BDBB5C-3967-4CBD-86C6-0B6A3B015A7F}.ReleaseWin|Any CPU.ActiveCfg = Release|Any CPU
		{65BDBB5C-3967-4CBD-86C6-0B6A3B015A7F}.ReleaseWin|Any CPU.Build.0 = Release|Any CPU
		{65BDBB5C-3967-4CBD-86C6-0B6A3B015A7F}.ReleaseWin|x64.ActiveCfg = Release|Any CPU
		{65BDBB5C-3967-4CBD-86C6-0B6A3B015A7F}.ReleaseWin|x64.Build.0 = Release|Any CPU
		{65BDBB5C-3967-4CBD-86C6-0B6A3B015A7F}.ReleaseWin|x86.ActiveCfg = Release|Any CPU
		{65BDBB5C-3967-4CBD-86C6-0B6A3B015A7F}.ReleaseWin|x86.Build.0 = Release|Any CPU
		{B847884A-8F96-4A3B-B3F1-646836D3D57E}.Debug|Any CPU.ActiveCfg = Debug|Any CPU
		{B847884A-8F96-4A3B-B3F1-646836D3D57E}.Debug|Any CPU.Build.0 = Debug|Any CPU
		{B847884A-8F96-4A3B-B3F1-646836D3D57E}.Debug|x64.ActiveCfg = Debug|Any CPU
		{B847884A-8F96-4A3B-B3F1-646836D3D57E}.Debug|x64.Build.0 = Debug|Any CPU
		{B847884A-8F96-4A3B-B3F1-646836D3D57E}.Debug|x86.ActiveCfg = Debug|Any CPU
		{B847884A-8F96-4A3B-B3F1-646836D3D57E}.Debug|x86.Build.0 = Debug|Any CPU
		{B847884A-8F96-4A3B-B3F1-646836D3D57E}.DebugMono|Any CPU.ActiveCfg = Debug|Any CPU
		{B847884A-8F96-4A3B-B3F1-646836D3D57E}.DebugMono|Any CPU.Build.0 = Debug|Any CPU
		{B847884A-8F96-4A3B-B3F1-646836D3D57E}.DebugMono|x64.ActiveCfg = Debug|Any CPU
		{B847884A-8F96-4A3B-B3F1-646836D3D57E}.DebugMono|x64.Build.0 = Debug|Any CPU
		{B847884A-8F96-4A3B-B3F1-646836D3D57E}.DebugMono|x86.ActiveCfg = Debug|Any CPU
		{B847884A-8F96-4A3B-B3F1-646836D3D57E}.DebugMono|x86.Build.0 = Debug|Any CPU
		{B847884A-8F96-4A3B-B3F1-646836D3D57E}.DebugWin|Any CPU.ActiveCfg = Debug|Any CPU
		{B847884A-8F96-4A3B-B3F1-646836D3D57E}.DebugWin|Any CPU.Build.0 = Debug|Any CPU
		{B847884A-8F96-4A3B-B3F1-646836D3D57E}.DebugWin|x64.ActiveCfg = Debug|Any CPU
		{B847884A-8F96-4A3B-B3F1-646836D3D57E}.DebugWin|x64.Build.0 = Debug|Any CPU
		{B847884A-8F96-4A3B-B3F1-646836D3D57E}.DebugWin|x86.ActiveCfg = Debug|Any CPU
		{B847884A-8F96-4A3B-B3F1-646836D3D57E}.DebugWin|x86.Build.0 = Debug|Any CPU
		{B847884A-8F96-4A3B-B3F1-646836D3D57E}.Dev|Any CPU.ActiveCfg = Debug|Any CPU
		{B847884A-8F96-4A3B-B3F1-646836D3D57E}.Dev|Any CPU.Build.0 = Debug|Any CPU
		{B847884A-8F96-4A3B-B3F1-646836D3D57E}.Dev|x64.ActiveCfg = Debug|Any CPU
		{B847884A-8F96-4A3B-B3F1-646836D3D57E}.Dev|x64.Build.0 = Debug|Any CPU
		{B847884A-8F96-4A3B-B3F1-646836D3D57E}.Dev|x86.ActiveCfg = Debug|Any CPU
		{B847884A-8F96-4A3B-B3F1-646836D3D57E}.Dev|x86.Build.0 = Debug|Any CPU
		{B847884A-8F96-4A3B-B3F1-646836D3D57E}.Devp4|Any CPU.ActiveCfg = Debug|Any CPU
		{B847884A-8F96-4A3B-B3F1-646836D3D57E}.Devp4|Any CPU.Build.0 = Debug|Any CPU
		{B847884A-8F96-4A3B-B3F1-646836D3D57E}.Devp4|x64.ActiveCfg = Debug|Any CPU
		{B847884A-8F96-4A3B-B3F1-646836D3D57E}.Devp4|x64.Build.0 = Debug|Any CPU
		{B847884A-8F96-4A3B-B3F1-646836D3D57E}.Devp4|x86.ActiveCfg = Debug|Any CPU
		{B847884A-8F96-4A3B-B3F1-646836D3D57E}.Devp4|x86.Build.0 = Debug|Any CPU
		{B847884A-8F96-4A3B-B3F1-646836D3D57E}.Release|Any CPU.ActiveCfg = Release|Any CPU
		{B847884A-8F96-4A3B-B3F1-646836D3D57E}.Release|Any CPU.Build.0 = Release|Any CPU
		{B847884A-8F96-4A3B-B3F1-646836D3D57E}.Release|x64.ActiveCfg = Release|Any CPU
		{B847884A-8F96-4A3B-B3F1-646836D3D57E}.Release|x64.Build.0 = Release|Any CPU
		{B847884A-8F96-4A3B-B3F1-646836D3D57E}.Release|x86.ActiveCfg = Release|Any CPU
		{B847884A-8F96-4A3B-B3F1-646836D3D57E}.Release|x86.Build.0 = Release|Any CPU
		{B847884A-8F96-4A3B-B3F1-646836D3D57E}.ReleaseMono|Any CPU.ActiveCfg = Release|Any CPU
		{B847884A-8F96-4A3B-B3F1-646836D3D57E}.ReleaseMono|Any CPU.Build.0 = Release|Any CPU
		{B847884A-8F96-4A3B-B3F1-646836D3D57E}.ReleaseMono|x64.ActiveCfg = Release|Any CPU
		{B847884A-8F96-4A3B-B3F1-646836D3D57E}.ReleaseMono|x64.Build.0 = Release|Any CPU
		{B847884A-8F96-4A3B-B3F1-646836D3D57E}.ReleaseMono|x86.ActiveCfg = Release|Any CPU
		{B847884A-8F96-4A3B-B3F1-646836D3D57E}.ReleaseMono|x86.Build.0 = Release|Any CPU
		{B847884A-8F96-4A3B-B3F1-646836D3D57E}.ReleaseWin|Any CPU.ActiveCfg = Release|Any CPU
		{B847884A-8F96-4A3B-B3F1-646836D3D57E}.ReleaseWin|Any CPU.Build.0 = Release|Any CPU
		{B847884A-8F96-4A3B-B3F1-646836D3D57E}.ReleaseWin|x64.ActiveCfg = Release|Any CPU
		{B847884A-8F96-4A3B-B3F1-646836D3D57E}.ReleaseWin|x64.Build.0 = Release|Any CPU
		{B847884A-8F96-4A3B-B3F1-646836D3D57E}.ReleaseWin|x86.ActiveCfg = Release|Any CPU
		{B847884A-8F96-4A3B-B3F1-646836D3D57E}.ReleaseWin|x86.Build.0 = Release|Any CPU
		{B21E5460-CF3B-44FF-BCB4-2B7F5212F0D0}.Debug|Any CPU.ActiveCfg = Debug|Any CPU
		{B21E5460-CF3B-44FF-BCB4-2B7F5212F0D0}.Debug|Any CPU.Build.0 = Debug|Any CPU
		{B21E5460-CF3B-44FF-BCB4-2B7F5212F0D0}.Debug|x64.ActiveCfg = Debug|Any CPU
		{B21E5460-CF3B-44FF-BCB4-2B7F5212F0D0}.Debug|x64.Build.0 = Debug|Any CPU
		{B21E5460-CF3B-44FF-BCB4-2B7F5212F0D0}.Debug|x86.ActiveCfg = Debug|Any CPU
		{B21E5460-CF3B-44FF-BCB4-2B7F5212F0D0}.Debug|x86.Build.0 = Debug|Any CPU
		{B21E5460-CF3B-44FF-BCB4-2B7F5212F0D0}.DebugMono|Any CPU.ActiveCfg = Debug|Any CPU
		{B21E5460-CF3B-44FF-BCB4-2B7F5212F0D0}.DebugMono|Any CPU.Build.0 = Debug|Any CPU
		{B21E5460-CF3B-44FF-BCB4-2B7F5212F0D0}.DebugMono|x64.ActiveCfg = Debug|Any CPU
		{B21E5460-CF3B-44FF-BCB4-2B7F5212F0D0}.DebugMono|x64.Build.0 = Debug|Any CPU
		{B21E5460-CF3B-44FF-BCB4-2B7F5212F0D0}.DebugMono|x86.ActiveCfg = Debug|Any CPU
		{B21E5460-CF3B-44FF-BCB4-2B7F5212F0D0}.DebugMono|x86.Build.0 = Debug|Any CPU
		{B21E5460-CF3B-44FF-BCB4-2B7F5212F0D0}.DebugWin|Any CPU.ActiveCfg = Debug|Any CPU
		{B21E5460-CF3B-44FF-BCB4-2B7F5212F0D0}.DebugWin|Any CPU.Build.0 = Debug|Any CPU
		{B21E5460-CF3B-44FF-BCB4-2B7F5212F0D0}.DebugWin|x64.ActiveCfg = Debug|Any CPU
		{B21E5460-CF3B-44FF-BCB4-2B7F5212F0D0}.DebugWin|x64.Build.0 = Debug|Any CPU
		{B21E5460-CF3B-44FF-BCB4-2B7F5212F0D0}.DebugWin|x86.ActiveCfg = Debug|Any CPU
		{B21E5460-CF3B-44FF-BCB4-2B7F5212F0D0}.DebugWin|x86.Build.0 = Debug|Any CPU
		{B21E5460-CF3B-44FF-BCB4-2B7F5212F0D0}.Dev|Any CPU.ActiveCfg = Debug|Any CPU
		{B21E5460-CF3B-44FF-BCB4-2B7F5212F0D0}.Dev|Any CPU.Build.0 = Debug|Any CPU
		{B21E5460-CF3B-44FF-BCB4-2B7F5212F0D0}.Dev|x64.ActiveCfg = Debug|Any CPU
		{B21E5460-CF3B-44FF-BCB4-2B7F5212F0D0}.Dev|x64.Build.0 = Debug|Any CPU
		{B21E5460-CF3B-44FF-BCB4-2B7F5212F0D0}.Dev|x86.ActiveCfg = Debug|Any CPU
		{B21E5460-CF3B-44FF-BCB4-2B7F5212F0D0}.Dev|x86.Build.0 = Debug|Any CPU
		{B21E5460-CF3B-44FF-BCB4-2B7F5212F0D0}.Devp4|Any CPU.ActiveCfg = Debug|Any CPU
		{B21E5460-CF3B-44FF-BCB4-2B7F5212F0D0}.Devp4|Any CPU.Build.0 = Debug|Any CPU
		{B21E5460-CF3B-44FF-BCB4-2B7F5212F0D0}.Devp4|x64.ActiveCfg = Debug|Any CPU
		{B21E5460-CF3B-44FF-BCB4-2B7F5212F0D0}.Devp4|x64.Build.0 = Debug|Any CPU
		{B21E5460-CF3B-44FF-BCB4-2B7F5212F0D0}.Devp4|x86.ActiveCfg = Debug|Any CPU
		{B21E5460-CF3B-44FF-BCB4-2B7F5212F0D0}.Devp4|x86.Build.0 = Debug|Any CPU
		{B21E5460-CF3B-44FF-BCB4-2B7F5212F0D0}.Release|Any CPU.ActiveCfg = Release|Any CPU
		{B21E5460-CF3B-44FF-BCB4-2B7F5212F0D0}.Release|Any CPU.Build.0 = Release|Any CPU
		{B21E5460-CF3B-44FF-BCB4-2B7F5212F0D0}.Release|x64.ActiveCfg = Release|Any CPU
		{B21E5460-CF3B-44FF-BCB4-2B7F5212F0D0}.Release|x64.Build.0 = Release|Any CPU
		{B21E5460-CF3B-44FF-BCB4-2B7F5212F0D0}.Release|x86.ActiveCfg = Release|Any CPU
		{B21E5460-CF3B-44FF-BCB4-2B7F5212F0D0}.Release|x86.Build.0 = Release|Any CPU
		{B21E5460-CF3B-44FF-BCB4-2B7F5212F0D0}.ReleaseMono|Any CPU.ActiveCfg = Release|Any CPU
		{B21E5460-CF3B-44FF-BCB4-2B7F5212F0D0}.ReleaseMono|Any CPU.Build.0 = Release|Any CPU
		{B21E5460-CF3B-44FF-BCB4-2B7F5212F0D0}.ReleaseMono|x64.ActiveCfg = Release|Any CPU
		{B21E5460-CF3B-44FF-BCB4-2B7F5212F0D0}.ReleaseMono|x64.Build.0 = Release|Any CPU
		{B21E5460-CF3B-44FF-BCB4-2B7F5212F0D0}.ReleaseMono|x86.ActiveCfg = Release|Any CPU
		{B21E5460-CF3B-44FF-BCB4-2B7F5212F0D0}.ReleaseMono|x86.Build.0 = Release|Any CPU
		{B21E5460-CF3B-44FF-BCB4-2B7F5212F0D0}.ReleaseWin|Any CPU.ActiveCfg = Release|Any CPU
		{B21E5460-CF3B-44FF-BCB4-2B7F5212F0D0}.ReleaseWin|Any CPU.Build.0 = Release|Any CPU
		{B21E5460-CF3B-44FF-BCB4-2B7F5212F0D0}.ReleaseWin|x64.ActiveCfg = Release|Any CPU
		{B21E5460-CF3B-44FF-BCB4-2B7F5212F0D0}.ReleaseWin|x64.Build.0 = Release|Any CPU
		{B21E5460-CF3B-44FF-BCB4-2B7F5212F0D0}.ReleaseWin|x86.ActiveCfg = Release|Any CPU
		{B21E5460-CF3B-44FF-BCB4-2B7F5212F0D0}.ReleaseWin|x86.Build.0 = Release|Any CPU
		{CEB4E26C-AC73-4A53-8262-2FE8CBCAE423}.Debug|Any CPU.ActiveCfg = Debug|Any CPU
		{CEB4E26C-AC73-4A53-8262-2FE8CBCAE423}.Debug|Any CPU.Build.0 = Debug|Any CPU
		{CEB4E26C-AC73-4A53-8262-2FE8CBCAE423}.Debug|x64.ActiveCfg = Debug|Any CPU
		{CEB4E26C-AC73-4A53-8262-2FE8CBCAE423}.Debug|x64.Build.0 = Debug|Any CPU
		{CEB4E26C-AC73-4A53-8262-2FE8CBCAE423}.Debug|x86.ActiveCfg = Debug|Any CPU
		{CEB4E26C-AC73-4A53-8262-2FE8CBCAE423}.Debug|x86.Build.0 = Debug|Any CPU
		{CEB4E26C-AC73-4A53-8262-2FE8CBCAE423}.DebugMono|Any CPU.ActiveCfg = Debug|Any CPU
		{CEB4E26C-AC73-4A53-8262-2FE8CBCAE423}.DebugMono|Any CPU.Build.0 = Debug|Any CPU
		{CEB4E26C-AC73-4A53-8262-2FE8CBCAE423}.DebugMono|x64.ActiveCfg = Debug|Any CPU
		{CEB4E26C-AC73-4A53-8262-2FE8CBCAE423}.DebugMono|x64.Build.0 = Debug|Any CPU
		{CEB4E26C-AC73-4A53-8262-2FE8CBCAE423}.DebugMono|x86.ActiveCfg = Debug|Any CPU
		{CEB4E26C-AC73-4A53-8262-2FE8CBCAE423}.DebugMono|x86.Build.0 = Debug|Any CPU
		{CEB4E26C-AC73-4A53-8262-2FE8CBCAE423}.DebugWin|Any CPU.ActiveCfg = Debug|Any CPU
		{CEB4E26C-AC73-4A53-8262-2FE8CBCAE423}.DebugWin|Any CPU.Build.0 = Debug|Any CPU
		{CEB4E26C-AC73-4A53-8262-2FE8CBCAE423}.DebugWin|x64.ActiveCfg = Debug|Any CPU
		{CEB4E26C-AC73-4A53-8262-2FE8CBCAE423}.DebugWin|x64.Build.0 = Debug|Any CPU
		{CEB4E26C-AC73-4A53-8262-2FE8CBCAE423}.DebugWin|x86.ActiveCfg = Debug|Any CPU
		{CEB4E26C-AC73-4A53-8262-2FE8CBCAE423}.DebugWin|x86.Build.0 = Debug|Any CPU
		{CEB4E26C-AC73-4A53-8262-2FE8CBCAE423}.Dev|Any CPU.ActiveCfg = Debug|Any CPU
		{CEB4E26C-AC73-4A53-8262-2FE8CBCAE423}.Dev|Any CPU.Build.0 = Debug|Any CPU
		{CEB4E26C-AC73-4A53-8262-2FE8CBCAE423}.Dev|x64.ActiveCfg = Debug|Any CPU
		{CEB4E26C-AC73-4A53-8262-2FE8CBCAE423}.Dev|x64.Build.0 = Debug|Any CPU
		{CEB4E26C-AC73-4A53-8262-2FE8CBCAE423}.Dev|x86.ActiveCfg = Debug|Any CPU
		{CEB4E26C-AC73-4A53-8262-2FE8CBCAE423}.Dev|x86.Build.0 = Debug|Any CPU
		{CEB4E26C-AC73-4A53-8262-2FE8CBCAE423}.Devp4|Any CPU.ActiveCfg = Debug|Any CPU
		{CEB4E26C-AC73-4A53-8262-2FE8CBCAE423}.Devp4|Any CPU.Build.0 = Debug|Any CPU
		{CEB4E26C-AC73-4A53-8262-2FE8CBCAE423}.Devp4|x64.ActiveCfg = Debug|Any CPU
		{CEB4E26C-AC73-4A53-8262-2FE8CBCAE423}.Devp4|x64.Build.0 = Debug|Any CPU
		{CEB4E26C-AC73-4A53-8262-2FE8CBCAE423}.Devp4|x86.ActiveCfg = Debug|Any CPU
		{CEB4E26C-AC73-4A53-8262-2FE8CBCAE423}.Devp4|x86.Build.0 = Debug|Any CPU
		{CEB4E26C-AC73-4A53-8262-2FE8CBCAE423}.Release|Any CPU.ActiveCfg = Debug|Any CPU
		{CEB4E26C-AC73-4A53-8262-2FE8CBCAE423}.Release|Any CPU.Build.0 = Debug|Any CPU
		{CEB4E26C-AC73-4A53-8262-2FE8CBCAE423}.Release|x64.ActiveCfg = Debug|Any CPU
		{CEB4E26C-AC73-4A53-8262-2FE8CBCAE423}.Release|x64.Build.0 = Debug|Any CPU
		{CEB4E26C-AC73-4A53-8262-2FE8CBCAE423}.Release|x86.ActiveCfg = Debug|Any CPU
		{CEB4E26C-AC73-4A53-8262-2FE8CBCAE423}.Release|x86.Build.0 = Debug|Any CPU
		{CEB4E26C-AC73-4A53-8262-2FE8CBCAE423}.ReleaseMono|Any CPU.ActiveCfg = Debug|Any CPU
		{CEB4E26C-AC73-4A53-8262-2FE8CBCAE423}.ReleaseMono|Any CPU.Build.0 = Debug|Any CPU
		{CEB4E26C-AC73-4A53-8262-2FE8CBCAE423}.ReleaseMono|x64.ActiveCfg = Debug|Any CPU
		{CEB4E26C-AC73-4A53-8262-2FE8CBCAE423}.ReleaseMono|x64.Build.0 = Debug|Any CPU
		{CEB4E26C-AC73-4A53-8262-2FE8CBCAE423}.ReleaseMono|x86.ActiveCfg = Debug|Any CPU
		{CEB4E26C-AC73-4A53-8262-2FE8CBCAE423}.ReleaseMono|x86.Build.0 = Debug|Any CPU
		{CEB4E26C-AC73-4A53-8262-2FE8CBCAE423}.ReleaseWin|Any CPU.ActiveCfg = Debug|Any CPU
		{CEB4E26C-AC73-4A53-8262-2FE8CBCAE423}.ReleaseWin|Any CPU.Build.0 = Debug|Any CPU
		{CEB4E26C-AC73-4A53-8262-2FE8CBCAE423}.ReleaseWin|x64.ActiveCfg = Debug|Any CPU
		{CEB4E26C-AC73-4A53-8262-2FE8CBCAE423}.ReleaseWin|x64.Build.0 = Debug|Any CPU
		{CEB4E26C-AC73-4A53-8262-2FE8CBCAE423}.ReleaseWin|x86.ActiveCfg = Debug|Any CPU
		{CEB4E26C-AC73-4A53-8262-2FE8CBCAE423}.ReleaseWin|x86.Build.0 = Debug|Any CPU
		{27FCD5E7-E6AA-43A1-932B-605A5AB6DBCF}.Debug|Any CPU.ActiveCfg = Debug|x86
		{27FCD5E7-E6AA-43A1-932B-605A5AB6DBCF}.Debug|Any CPU.Build.0 = Debug|x86
		{27FCD5E7-E6AA-43A1-932B-605A5AB6DBCF}.Debug|x64.ActiveCfg = Debug|x86
		{27FCD5E7-E6AA-43A1-932B-605A5AB6DBCF}.Debug|x86.ActiveCfg = Debug|x86
		{27FCD5E7-E6AA-43A1-932B-605A5AB6DBCF}.Debug|x86.Build.0 = Debug|x86
		{27FCD5E7-E6AA-43A1-932B-605A5AB6DBCF}.DebugMono|Any CPU.ActiveCfg = Debug|x86
		{27FCD5E7-E6AA-43A1-932B-605A5AB6DBCF}.DebugMono|Any CPU.Build.0 = Debug|x86
		{27FCD5E7-E6AA-43A1-932B-605A5AB6DBCF}.DebugMono|x64.ActiveCfg = Debug|x86
		{27FCD5E7-E6AA-43A1-932B-605A5AB6DBCF}.DebugMono|x64.Build.0 = Debug|x86
		{27FCD5E7-E6AA-43A1-932B-605A5AB6DBCF}.DebugMono|x86.ActiveCfg = Debug|x86
		{27FCD5E7-E6AA-43A1-932B-605A5AB6DBCF}.DebugMono|x86.Build.0 = Debug|x86
		{27FCD5E7-E6AA-43A1-932B-605A5AB6DBCF}.DebugWin|Any CPU.ActiveCfg = Debug|x86
		{27FCD5E7-E6AA-43A1-932B-605A5AB6DBCF}.DebugWin|Any CPU.Build.0 = Debug|x86
		{27FCD5E7-E6AA-43A1-932B-605A5AB6DBCF}.DebugWin|x64.ActiveCfg = Debug|x86
		{27FCD5E7-E6AA-43A1-932B-605A5AB6DBCF}.DebugWin|x64.Build.0 = Debug|x86
		{27FCD5E7-E6AA-43A1-932B-605A5AB6DBCF}.DebugWin|x86.ActiveCfg = Debug|x86
		{27FCD5E7-E6AA-43A1-932B-605A5AB6DBCF}.DebugWin|x86.Build.0 = Debug|x86
		{27FCD5E7-E6AA-43A1-932B-605A5AB6DBCF}.Dev|Any CPU.ActiveCfg = Debug|x86
		{27FCD5E7-E6AA-43A1-932B-605A5AB6DBCF}.Dev|Any CPU.Build.0 = Debug|x86
		{27FCD5E7-E6AA-43A1-932B-605A5AB6DBCF}.Dev|x64.ActiveCfg = Debug|x86
		{27FCD5E7-E6AA-43A1-932B-605A5AB6DBCF}.Dev|x64.Build.0 = Debug|x86
		{27FCD5E7-E6AA-43A1-932B-605A5AB6DBCF}.Dev|x86.ActiveCfg = Debug|x86
		{27FCD5E7-E6AA-43A1-932B-605A5AB6DBCF}.Dev|x86.Build.0 = Debug|x86
		{27FCD5E7-E6AA-43A1-932B-605A5AB6DBCF}.Devp4|Any CPU.ActiveCfg = Debug|x86
		{27FCD5E7-E6AA-43A1-932B-605A5AB6DBCF}.Devp4|Any CPU.Build.0 = Debug|x86
		{27FCD5E7-E6AA-43A1-932B-605A5AB6DBCF}.Devp4|x64.ActiveCfg = Debug|x86
		{27FCD5E7-E6AA-43A1-932B-605A5AB6DBCF}.Devp4|x64.Build.0 = Debug|x86
		{27FCD5E7-E6AA-43A1-932B-605A5AB6DBCF}.Devp4|x86.ActiveCfg = Debug|x86
		{27FCD5E7-E6AA-43A1-932B-605A5AB6DBCF}.Devp4|x86.Build.0 = Debug|x86
		{27FCD5E7-E6AA-43A1-932B-605A5AB6DBCF}.Release|Any CPU.ActiveCfg = Debug|x86
		{27FCD5E7-E6AA-43A1-932B-605A5AB6DBCF}.Release|Any CPU.Build.0 = Debug|x86
		{27FCD5E7-E6AA-43A1-932B-605A5AB6DBCF}.Release|x64.ActiveCfg = Debug|x86
		{27FCD5E7-E6AA-43A1-932B-605A5AB6DBCF}.Release|x64.Build.0 = Debug|x86
		{27FCD5E7-E6AA-43A1-932B-605A5AB6DBCF}.Release|x86.ActiveCfg = Debug|x86
		{27FCD5E7-E6AA-43A1-932B-605A5AB6DBCF}.Release|x86.Build.0 = Debug|x86
		{27FCD5E7-E6AA-43A1-932B-605A5AB6DBCF}.ReleaseMono|Any CPU.ActiveCfg = Debug|x86
		{27FCD5E7-E6AA-43A1-932B-605A5AB6DBCF}.ReleaseMono|Any CPU.Build.0 = Debug|x86
		{27FCD5E7-E6AA-43A1-932B-605A5AB6DBCF}.ReleaseMono|x64.ActiveCfg = Debug|x86
		{27FCD5E7-E6AA-43A1-932B-605A5AB6DBCF}.ReleaseMono|x64.Build.0 = Debug|x86
		{27FCD5E7-E6AA-43A1-932B-605A5AB6DBCF}.ReleaseMono|x86.ActiveCfg = Debug|x86
		{27FCD5E7-E6AA-43A1-932B-605A5AB6DBCF}.ReleaseMono|x86.Build.0 = Debug|x86
		{27FCD5E7-E6AA-43A1-932B-605A5AB6DBCF}.ReleaseWin|Any CPU.ActiveCfg = Debug|x86
		{27FCD5E7-E6AA-43A1-932B-605A5AB6DBCF}.ReleaseWin|Any CPU.Build.0 = Debug|x86
		{27FCD5E7-E6AA-43A1-932B-605A5AB6DBCF}.ReleaseWin|x64.ActiveCfg = Debug|x86
		{27FCD5E7-E6AA-43A1-932B-605A5AB6DBCF}.ReleaseWin|x64.Build.0 = Debug|x86
		{27FCD5E7-E6AA-43A1-932B-605A5AB6DBCF}.ReleaseWin|x86.ActiveCfg = Debug|x86
		{27FCD5E7-E6AA-43A1-932B-605A5AB6DBCF}.ReleaseWin|x86.Build.0 = Debug|x86
		{29CD39FE-27D9-4037-B75C-FC3D61B5020E}.Debug|Any CPU.ActiveCfg = Debug|Any CPU
		{29CD39FE-27D9-4037-B75C-FC3D61B5020E}.Debug|Any CPU.Build.0 = Debug|Any CPU
		{29CD39FE-27D9-4037-B75C-FC3D61B5020E}.Debug|x64.ActiveCfg = Debug|Any CPU
		{29CD39FE-27D9-4037-B75C-FC3D61B5020E}.Debug|x64.Build.0 = Debug|Any CPU
		{29CD39FE-27D9-4037-B75C-FC3D61B5020E}.Debug|x86.ActiveCfg = Debug|Any CPU
		{29CD39FE-27D9-4037-B75C-FC3D61B5020E}.Debug|x86.Build.0 = Debug|Any CPU
		{29CD39FE-27D9-4037-B75C-FC3D61B5020E}.DebugMono|Any CPU.ActiveCfg = Debug|Any CPU
		{29CD39FE-27D9-4037-B75C-FC3D61B5020E}.DebugMono|Any CPU.Build.0 = Debug|Any CPU
		{29CD39FE-27D9-4037-B75C-FC3D61B5020E}.DebugMono|x64.ActiveCfg = Debug|Any CPU
		{29CD39FE-27D9-4037-B75C-FC3D61B5020E}.DebugMono|x64.Build.0 = Debug|Any CPU
		{29CD39FE-27D9-4037-B75C-FC3D61B5020E}.DebugMono|x86.ActiveCfg = Debug|Any CPU
		{29CD39FE-27D9-4037-B75C-FC3D61B5020E}.DebugMono|x86.Build.0 = Debug|Any CPU
		{29CD39FE-27D9-4037-B75C-FC3D61B5020E}.DebugWin|Any CPU.ActiveCfg = Debug|Any CPU
		{29CD39FE-27D9-4037-B75C-FC3D61B5020E}.DebugWin|Any CPU.Build.0 = Debug|Any CPU
		{29CD39FE-27D9-4037-B75C-FC3D61B5020E}.DebugWin|x64.ActiveCfg = Debug|Any CPU
		{29CD39FE-27D9-4037-B75C-FC3D61B5020E}.DebugWin|x64.Build.0 = Debug|Any CPU
		{29CD39FE-27D9-4037-B75C-FC3D61B5020E}.DebugWin|x86.ActiveCfg = Debug|Any CPU
		{29CD39FE-27D9-4037-B75C-FC3D61B5020E}.DebugWin|x86.Build.0 = Debug|Any CPU
		{29CD39FE-27D9-4037-B75C-FC3D61B5020E}.Dev|Any CPU.ActiveCfg = Debug|Any CPU
		{29CD39FE-27D9-4037-B75C-FC3D61B5020E}.Dev|Any CPU.Build.0 = Debug|Any CPU
		{29CD39FE-27D9-4037-B75C-FC3D61B5020E}.Dev|x64.ActiveCfg = Debug|Any CPU
		{29CD39FE-27D9-4037-B75C-FC3D61B5020E}.Dev|x64.Build.0 = Debug|Any CPU
		{29CD39FE-27D9-4037-B75C-FC3D61B5020E}.Dev|x86.ActiveCfg = Debug|Any CPU
		{29CD39FE-27D9-4037-B75C-FC3D61B5020E}.Dev|x86.Build.0 = Debug|Any CPU
		{29CD39FE-27D9-4037-B75C-FC3D61B5020E}.Devp4|Any CPU.ActiveCfg = Debug|Any CPU
		{29CD39FE-27D9-4037-B75C-FC3D61B5020E}.Devp4|Any CPU.Build.0 = Debug|Any CPU
		{29CD39FE-27D9-4037-B75C-FC3D61B5020E}.Devp4|x64.ActiveCfg = Debug|Any CPU
		{29CD39FE-27D9-4037-B75C-FC3D61B5020E}.Devp4|x64.Build.0 = Debug|Any CPU
		{29CD39FE-27D9-4037-B75C-FC3D61B5020E}.Devp4|x86.ActiveCfg = Debug|Any CPU
		{29CD39FE-27D9-4037-B75C-FC3D61B5020E}.Devp4|x86.Build.0 = Debug|Any CPU
		{29CD39FE-27D9-4037-B75C-FC3D61B5020E}.Release|Any CPU.ActiveCfg = Release|Any CPU
		{29CD39FE-27D9-4037-B75C-FC3D61B5020E}.Release|Any CPU.Build.0 = Release|Any CPU
		{29CD39FE-27D9-4037-B75C-FC3D61B5020E}.Release|x64.ActiveCfg = Release|Any CPU
		{29CD39FE-27D9-4037-B75C-FC3D61B5020E}.Release|x64.Build.0 = Release|Any CPU
		{29CD39FE-27D9-4037-B75C-FC3D61B5020E}.Release|x86.ActiveCfg = Release|Any CPU
		{29CD39FE-27D9-4037-B75C-FC3D61B5020E}.Release|x86.Build.0 = Release|Any CPU
		{29CD39FE-27D9-4037-B75C-FC3D61B5020E}.ReleaseMono|Any CPU.ActiveCfg = Release|Any CPU
		{29CD39FE-27D9-4037-B75C-FC3D61B5020E}.ReleaseMono|Any CPU.Build.0 = Release|Any CPU
		{29CD39FE-27D9-4037-B75C-FC3D61B5020E}.ReleaseMono|x64.ActiveCfg = Release|Any CPU
		{29CD39FE-27D9-4037-B75C-FC3D61B5020E}.ReleaseMono|x64.Build.0 = Release|Any CPU
		{29CD39FE-27D9-4037-B75C-FC3D61B5020E}.ReleaseMono|x86.ActiveCfg = Release|Any CPU
		{29CD39FE-27D9-4037-B75C-FC3D61B5020E}.ReleaseMono|x86.Build.0 = Release|Any CPU
		{29CD39FE-27D9-4037-B75C-FC3D61B5020E}.ReleaseWin|Any CPU.ActiveCfg = Release|Any CPU
		{29CD39FE-27D9-4037-B75C-FC3D61B5020E}.ReleaseWin|Any CPU.Build.0 = Release|Any CPU
		{29CD39FE-27D9-4037-B75C-FC3D61B5020E}.ReleaseWin|x64.ActiveCfg = Release|Any CPU
		{29CD39FE-27D9-4037-B75C-FC3D61B5020E}.ReleaseWin|x64.Build.0 = Release|Any CPU
		{29CD39FE-27D9-4037-B75C-FC3D61B5020E}.ReleaseWin|x86.ActiveCfg = Release|Any CPU
		{29CD39FE-27D9-4037-B75C-FC3D61B5020E}.ReleaseWin|x86.Build.0 = Release|Any CPU
	EndGlobalSection
	GlobalSection(SolutionProperties) = preSolution
		HideSolutionNode = FALSE
	EndGlobalSection
	GlobalSection(NestedProjects) = preSolution
		{29CD39FE-27D9-4037-B75C-FC3D61B5020E} = {4172B9F1-AC91-4A46-A348-8A8AA39CF2E8}
	EndGlobalSection
EndGlobal
